// !$*UTF8*$!
{
	archiveVersion = 1;
	classes = {
	};
	objectVersion = 56;
	objects = {

/* Begin PBXBuildFile section */
		34DA655729A7DA8900A14740 /* AppDelegate.swift in Sources */ = {isa = PBXBuildFile; fileRef = 34DA655629A7DA8900A14740 /* AppDelegate.swift */; };
		34DA655929A7DA8900A14740 /* SceneDelegate.swift in Sources */ = {isa = PBXBuildFile; fileRef = 34DA655829A7DA8900A14740 /* SceneDelegate.swift */; };
		34DA655B29A7DA8900A14740 /* ViewController.swift in Sources */ = {isa = PBXBuildFile; fileRef = 34DA655A29A7DA8900A14740 /* ViewController.swift */; };
		34DA656029A7DA8C00A14740 /* Assets.xcassets in Resources */ = {isa = PBXBuildFile; fileRef = 34DA655F29A7DA8C00A14740 /* Assets.xcassets */; };
		34DA656329A7DA8C00A14740 /* LaunchScreen.storyboard in Resources */ = {isa = PBXBuildFile; fileRef = 34DA656129A7DA8C00A14740 /* LaunchScreen.storyboard */; };
		34DA657F29A8CEE100A14740 /* OpenAISwift in Frameworks */ = {isa = PBXBuildFile; productRef = 34DA657E29A8CEE100A14740 /* OpenAISwift */; };
		34DA658129A8D20A00A14740 /* API.swift in Sources */ = {isa = PBXBuildFile; fileRef = 34DA658029A8D20A00A14740 /* API.swift */; };
		34DA65D129AC054A00A14740 /* UIFont+Extension.swift in Sources */ = {isa = PBXBuildFile; fileRef = 34DA65CA29AC054A00A14740 /* UIFont+Extension.swift */; };
		34DA65D229AC054A00A14740 /* UIColor+Extension.swift in Sources */ = {isa = PBXBuildFile; fileRef = 34DA65CB29AC054A00A14740 /* UIColor+Extension.swift */; };
		34DA65D329AC054A00A14740 /* UIButton+Extension.swift in Sources */ = {isa = PBXBuildFile; fileRef = 34DA65CC29AC054A00A14740 /* UIButton+Extension.swift */; };
		34DA65D429AC054A00A14740 /* UIViewController+Extension.swift in Sources */ = {isa = PBXBuildFile; fileRef = 34DA65CD29AC054A00A14740 /* UIViewController+Extension.swift */; };
		34DA65D529AC054A00A14740 /* String+Extension.swift in Sources */ = {isa = PBXBuildFile; fileRef = 34DA65CE29AC054A00A14740 /* String+Extension.swift */; };
		34DA65D629AC054A00A14740 /* send.wav in Resources */ = {isa = PBXBuildFile; fileRef = 34DA65D029AC054A00A14740 /* send.wav */; };
/* End PBXBuildFile section */

/* Begin PBXFileReference section */
		34DA655329A7DA8900A14740 /* CHATGPT.app */ = {isa = PBXFileReference; explicitFileType = wrapper.application; includeInIndex = 0; path = CHATGPT.app; sourceTree = BUILT_PRODUCTS_DIR; };
		34DA655629A7DA8900A14740 /* AppDelegate.swift */ = {isa = PBXFileReference; lastKnownFileType = sourcecode.swift; path = AppDelegate.swift; sourceTree = "<group>"; };
		34DA655829A7DA8900A14740 /* SceneDelegate.swift */ = {isa = PBXFileReference; lastKnownFileType = sourcecode.swift; path = SceneDelegate.swift; sourceTree = "<group>"; };
		34DA655A29A7DA8900A14740 /* ViewController.swift */ = {isa = PBXFileReference; lastKnownFileType = sourcecode.swift; path = ViewController.swift; sourceTree = "<group>"; };
		34DA655F29A7DA8C00A14740 /* Assets.xcassets */ = {isa = PBXFileReference; lastKnownFileType = folder.assetcatalog; path = Assets.xcassets; sourceTree = "<group>"; };
		34DA656229A7DA8C00A14740 /* Base */ = {isa = PBXFileReference; lastKnownFileType = file.storyboard; name = Base; path = Base.lproj/LaunchScreen.storyboard; sourceTree = "<group>"; };
		34DA656429A7DA8C00A14740 /* Info.plist */ = {isa = PBXFileReference; lastKnownFileType = text.plist.xml; path = Info.plist; sourceTree = "<group>"; };
		34DA658029A8D20A00A14740 /* API.swift */ = {isa = PBXFileReference; lastKnownFileType = sourcecode.swift; path = API.swift; sourceTree = "<group>"; };
		34DA65CA29AC054A00A14740 /* UIFont+Extension.swift */ = {isa = PBXFileReference; fileEncoding = 4; lastKnownFileType = sourcecode.swift; path = "UIFont+Extension.swift"; sourceTree = "<group>"; };
		34DA65CB29AC054A00A14740 /* UIColor+Extension.swift */ = {isa = PBXFileReference; fileEncoding = 4; lastKnownFileType = sourcecode.swift; path = "UIColor+Extension.swift"; sourceTree = "<group>"; };
		34DA65CC29AC054A00A14740 /* UIButton+Extension.swift */ = {isa = PBXFileReference; fileEncoding = 4; lastKnownFileType = sourcecode.swift; path = "UIButton+Extension.swift"; sourceTree = "<group>"; };
		34DA65CD29AC054A00A14740 /* UIViewController+Extension.swift */ = {isa = PBXFileReference; fileEncoding = 4; lastKnownFileType = sourcecode.swift; path = "UIViewController+Extension.swift"; sourceTree = "<group>"; };
		34DA65CE29AC054A00A14740 /* String+Extension.swift */ = {isa = PBXFileReference; fileEncoding = 4; lastKnownFileType = sourcecode.swift; path = "String+Extension.swift"; sourceTree = "<group>"; };
		34DA65D029AC054A00A14740 /* send.wav */ = {isa = PBXFileReference; lastKnownFileType = audio.wav; path = send.wav; sourceTree = "<group>"; };
/* End PBXFileReference section */

/* Begin PBXFrameworksBuildPhase section */
		34DA655029A7DA8900A14740 /* Frameworks */ = {
			isa = PBXFrameworksBuildPhase;
			buildActionMask = 2147483647;
			files = (
				34DA657F29A8CEE100A14740 /* OpenAISwift in Frameworks */,
			);
			runOnlyForDeploymentPostprocessing = 0;
		};
/* End PBXFrameworksBuildPhase section */

/* Begin PBXGroup section */
		34DA654A29A7DA8900A14740 = {
			isa = PBXGroup;
			children = (
				34DA655529A7DA8900A14740 /* CHATGPT */,
				34DA655429A7DA8900A14740 /* Products */,
			);
			sourceTree = "<group>";
		};
		34DA655429A7DA8900A14740 /* Products */ = {
			isa = PBXGroup;
			children = (
				34DA655329A7DA8900A14740 /* CHATGPT.app */,
			);
			name = Products;
			sourceTree = "<group>";
		};
		34DA655529A7DA8900A14740 /* CHATGPT */ = {
			isa = PBXGroup;
			children = (
				34DA655629A7DA8900A14740 /* AppDelegate.swift */,
				34DA655829A7DA8900A14740 /* SceneDelegate.swift */,
				34DA65C829AC054A00A14740 /* Utils */,
				34DA655A29A7DA8900A14740 /* ViewController.swift */,
				34DA658029A8D20A00A14740 /* API.swift */,
				34DA655F29A7DA8C00A14740 /* Assets.xcassets */,
				34DA656129A7DA8C00A14740 /* LaunchScreen.storyboard */,
				34DA656429A7DA8C00A14740 /* Info.plist */,
			);
			path = CHATGPT;
			sourceTree = "<group>";
		};
		34DA65C829AC054A00A14740 /* Utils */ = {
			isa = PBXGroup;
			children = (
				34DA65C929AC054A00A14740 /* Extension */,
				34DA65CF29AC054A00A14740 /* Sound */,
			);
			path = Utils;
			sourceTree = "<group>";
		};
		34DA65C929AC054A00A14740 /* Extension */ = {
			isa = PBXGroup;
			children = (
				34DA65CA29AC054A00A14740 /* UIFont+Extension.swift */,
				34DA65CB29AC054A00A14740 /* UIColor+Extension.swift */,
				34DA65CC29AC054A00A14740 /* UIButton+Extension.swift */,
				34DA65CD29AC054A00A14740 /* UIViewController+Extension.swift */,
				34DA65CE29AC054A00A14740 /* String+Extension.swift */,
			);
			path = Extension;
			sourceTree = "<group>";
		};
		34DA65CF29AC054A00A14740 /* Sound */ = {
			isa = PBXGroup;
			children = (
				34DA65D029AC054A00A14740 /* send.wav */,
			);
			path = Sound;
			sourceTree = "<group>";
		};
/* End PBXGroup section */

/* Begin PBXNativeTarget section */
		34DA655229A7DA8900A14740 /* CHATGPT */ = {
			isa = PBXNativeTarget;
			buildConfigurationList = 34DA656729A7DA8C00A14740 /* Build configuration list for PBXNativeTarget "CHATGPT" */;
			buildPhases = (
				34DA654F29A7DA8900A14740 /* Sources */,
				34DA655029A7DA8900A14740 /* Frameworks */,
				34DA655129A7DA8900A14740 /* Resources */,
			);
			buildRules = (
			);
			dependencies = (
			);
			name = CHATGPT;
			packageProductDependencies = (
				34DA657E29A8CEE100A14740 /* OpenAISwift */,
			);
			productName = CHATGPT;
			productReference = 34DA655329A7DA8900A14740 /* CHATGPT.app */;
			productType = "com.apple.product-type.application";
		};
/* End PBXNativeTarget section */

/* Begin PBXProject section */
		34DA654B29A7DA8900A14740 /* Project object */ = {
			isa = PBXProject;
			attributes = {
				BuildIndependentTargetsInParallel = 1;
				LastSwiftUpdateCheck = 1420;
				LastUpgradeCheck = 1420;
				TargetAttributes = {
					34DA655229A7DA8900A14740 = {
						CreatedOnToolsVersion = 14.2;
					};
				};
			};
			buildConfigurationList = 34DA654E29A7DA8900A14740 /* Build configuration list for PBXProject "CHATGPT" */;
			compatibilityVersion = "Xcode 14.0";
			developmentRegion = en;
			hasScannedForEncodings = 0;
			knownRegions = (
				en,
				Base,
			);
			mainGroup = 34DA654A29A7DA8900A14740;
			packageReferences = (
				34DA657D29A8CEE100A14740 /* XCRemoteSwiftPackageReference "OpenAISwift" */,
			);
			productRefGroup = 34DA655429A7DA8900A14740 /* Products */;
			projectDirPath = "";
			projectRoot = "";
			targets = (
				34DA655229A7DA8900A14740 /* CHATGPT */,
			);
		};
/* End PBXProject section */

/* Begin PBXResourcesBuildPhase section */
		34DA655129A7DA8900A14740 /* Resources */ = {
			isa = PBXResourcesBuildPhase;
			buildActionMask = 2147483647;
			files = (
				34DA65D629AC054A00A14740 /* send.wav in Resources */,
				34DA656329A7DA8C00A14740 /* LaunchScreen.storyboard in Resources */,
				34DA656029A7DA8C00A14740 /* Assets.xcassets in Resources */,
			);
			runOnlyForDeploymentPostprocessing = 0;
		};
/* End PBXResourcesBuildPhase section */

/* Begin PBXSourcesBuildPhase section */
		34DA654F29A7DA8900A14740 /* Sources */ = {
			isa = PBXSourcesBuildPhase;
			buildActionMask = 2147483647;
			files = (
				34DA65D429AC054A00A14740 /* UIViewController+Extension.swift in Sources */,
				34DA65D529AC054A00A14740 /* String+Extension.swift in Sources */,
				34DA655B29A7DA8900A14740 /* ViewController.swift in Sources */,
				34DA655729A7DA8900A14740 /* AppDelegate.swift in Sources */,
				34DA658129A8D20A00A14740 /* API.swift in Sources */,
				34DA65D229AC054A00A14740 /* UIColor+Extension.swift in Sources */,
				34DA65D129AC054A00A14740 /* UIFont+Extension.swift in Sources */,
				34DA655929A7DA8900A14740 /* SceneDelegate.swift in Sources */,
				34DA65D329AC054A00A14740 /* UIButton+Extension.swift in Sources */,
			);
			runOnlyForDeploymentPostprocessing = 0;
		};
/* End PBXSourcesBuildPhase section */

/* Begin PBXVariantGroup section */
		34DA656129A7DA8C00A14740 /* LaunchScreen.storyboard */ = {
			isa = PBXVariantGroup;
			children = (
				34DA656229A7DA8C00A14740 /* Base */,
			);
			name = LaunchScreen.storyboard;
			sourceTree = "<group>";
		};
/* End PBXVariantGroup section */

/* Begin XCBuildConfiguration section */
		34DA656529A7DA8C00A14740 /* Debug */ = {
			isa = XCBuildConfiguration;
			buildSettings = {
				ALWAYS_SEARCH_USER_PATHS = NO;
				CLANG_ANALYZER_NONNULL = YES;
				CLANG_ANALYZER_NUMBER_OBJECT_CONVERSION = YES_AGGRESSIVE;
				CLANG_CXX_LANGUAGE_STANDARD = "gnu++20";
				CLANG_ENABLE_MODULES = YES;
				CLANG_ENABLE_OBJC_ARC = YES;
				CLANG_ENABLE_OBJC_WEAK = YES;
				CLANG_WARN_BLOCK_CAPTURE_AUTORELEASING = YES;
				CLANG_WARN_BOOL_CONVERSION = YES;
				CLANG_WARN_COMMA = YES;
				CLANG_WARN_CONSTANT_CONVERSION = YES;
				CLANG_WARN_DEPRECATED_OBJC_IMPLEMENTATIONS = YES;
				CLANG_WARN_DIRECT_OBJC_ISA_USAGE = YES_ERROR;
				CLANG_WARN_DOCUMENTATION_COMMENTS = YES;
				CLANG_WARN_EMPTY_BODY = YES;
				CLANG_WARN_ENUM_CONVERSION = YES;
				CLANG_WARN_INFINITE_RECURSION = YES;
				CLANG_WARN_INT_CONVERSION = YES;
				CLANG_WARN_NON_LITERAL_NULL_CONVERSION = YES;
				CLANG_WARN_OBJC_IMPLICIT_RETAIN_SELF = YES;
				CLANG_WARN_OBJC_LITERAL_CONVERSION = YES;
				CLANG_WARN_OBJC_ROOT_CLASS = YES_ERROR;
				CLANG_WARN_QUOTED_INCLUDE_IN_FRAMEWORK_HEADER = YES;
				CLANG_WARN_RANGE_LOOP_ANALYSIS = YES;
				CLANG_WARN_STRICT_PROTOTYPES = YES;
				CLANG_WARN_SUSPICIOUS_MOVE = YES;
				CLANG_WARN_UNGUARDED_AVAILABILITY = YES_AGGRESSIVE;
				CLANG_WARN_UNREACHABLE_CODE = YES;
				CLANG_WARN__DUPLICATE_METHOD_MATCH = YES;
				COPY_PHASE_STRIP = NO;
				DEBUG_INFORMATION_FORMAT = dwarf;
				ENABLE_STRICT_OBJC_MSGSEND = YES;
				ENABLE_TESTABILITY = YES;
				GCC_C_LANGUAGE_STANDARD = gnu11;
				GCC_DYNAMIC_NO_PIC = NO;
				GCC_NO_COMMON_BLOCKS = YES;
				GCC_OPTIMIZATION_LEVEL = 0;
				GCC_PREPROCESSOR_DEFINITIONS = (
					"DEBUG=1",
					"$(inherited)",
				);
				GCC_WARN_64_TO_32_BIT_CONVERSION = YES;
				GCC_WARN_ABOUT_RETURN_TYPE = YES_ERROR;
				GCC_WARN_UNDECLARED_SELECTOR = YES;
				GCC_WARN_UNINITIALIZED_AUTOS = YES_AGGRESSIVE;
				GCC_WARN_UNUSED_FUNCTION = YES;
				GCC_WARN_UNUSED_VARIABLE = YES;
				IPHONEOS_DEPLOYMENT_TARGET = 16.2;
				MTL_ENABLE_DEBUG_INFO = INCLUDE_SOURCE;
				MTL_FAST_MATH = YES;
				ONLY_ACTIVE_ARCH = YES;
				SDKROOT = iphoneos;
				SWIFT_ACTIVE_COMPILATION_CONDITIONS = DEBUG;
				SWIFT_OPTIMIZATION_LEVEL = "-Onone";
			};
			name = Debug;
		};
		34DA656629A7DA8C00A14740 /* Release */ = {
			isa = XCBuildConfiguration;
			buildSettings = {
				ALWAYS_SEARCH_USER_PATHS = NO;
				CLANG_ANALYZER_NONNULL = YES;
				CLANG_ANALYZER_NUMBER_OBJECT_CONVERSION = YES_AGGRESSIVE;
				CLANG_CXX_LANGUAGE_STANDARD = "gnu++20";
				CLANG_ENABLE_MODULES = YES;
				CLANG_ENABLE_OBJC_ARC = YES;
				CLANG_ENABLE_OBJC_WEAK = YES;
				CLANG_WARN_BLOCK_CAPTURE_AUTORELEASING = YES;
				CLANG_WARN_BOOL_CONVERSION = YES;
				CLANG_WARN_COMMA = YES;
				CLANG_WARN_CONSTANT_CONVERSION = YES;
				CLANG_WARN_DEPRECATED_OBJC_IMPLEMENTATIONS = YES;
				CLANG_WARN_DIRECT_OBJC_ISA_USAGE = YES_ERROR;
				CLANG_WARN_DOCUMENTATION_COMMENTS = YES;
				CLANG_WARN_EMPTY_BODY = YES;
				CLANG_WARN_ENUM_CONVERSION = YES;
				CLANG_WARN_INFINITE_RECURSION = YES;
				CLANG_WARN_INT_CONVERSION = YES;
				CLANG_WARN_NON_LITERAL_NULL_CONVERSION = YES;
				CLANG_WARN_OBJC_IMPLICIT_RETAIN_SELF = YES;
				CLANG_WARN_OBJC_LITERAL_CONVERSION = YES;
				CLANG_WARN_OBJC_ROOT_CLASS = YES_ERROR;
				CLANG_WARN_QUOTED_INCLUDE_IN_FRAMEWORK_HEADER = YES;
				CLANG_WARN_RANGE_LOOP_ANALYSIS = YES;
				CLANG_WARN_STRICT_PROTOTYPES = YES;
				CLANG_WARN_SUSPICIOUS_MOVE = YES;
				CLANG_WARN_UNGUARDED_AVAILABILITY = YES_AGGRESSIVE;
				CLANG_WARN_UNREACHABLE_CODE = YES;
				CLANG_WARN__DUPLICATE_METHOD_MATCH = YES;
				COPY_PHASE_STRIP = NO;
				DEBUG_INFORMATION_FORMAT = "dwarf-with-dsym";
				ENABLE_NS_ASSERTIONS = NO;
				ENABLE_STRICT_OBJC_MSGSEND = YES;
				GCC_C_LANGUAGE_STANDARD = gnu11;
				GCC_NO_COMMON_BLOCKS = YES;
				GCC_WARN_64_TO_32_BIT_CONVERSION = YES;
				GCC_WARN_ABOUT_RETURN_TYPE = YES_ERROR;
				GCC_WARN_UNDECLARED_SELECTOR = YES;
				GCC_WARN_UNINITIALIZED_AUTOS = YES_AGGRESSIVE;
				GCC_WARN_UNUSED_FUNCTION = YES;
				GCC_WARN_UNUSED_VARIABLE = YES;
				IPHONEOS_DEPLOYMENT_TARGET = 16.2;
				MTL_ENABLE_DEBUG_INFO = NO;
				MTL_FAST_MATH = YES;
				SDKROOT = iphoneos;
				SWIFT_COMPILATION_MODE = wholemodule;
				SWIFT_OPTIMIZATION_LEVEL = "-O";
				VALIDATE_PRODUCT = YES;
			};
			name = Release;
		};
		34DA656829A7DA8C00A14740 /* Debug */ = {
			isa = XCBuildConfiguration;
			buildSettings = {
				ASSETCATALOG_COMPILER_APPICON_NAME = AppIcon;
				ASSETCATALOG_COMPILER_GLOBAL_ACCENT_COLOR_NAME = AccentColor;
				CODE_SIGN_STYLE = Automatic;
				CURRENT_PROJECT_VERSION = 1;
				GENERATE_INFOPLIST_FILE = YES;
				INFOPLIST_FILE = CHATGPT/Info.plist;
				INFOPLIST_KEY_UIApplicationSupportsIndirectInputEvents = YES;
				INFOPLIST_KEY_UILaunchStoryboardName = LaunchScreen;
				INFOPLIST_KEY_UIMainStoryboardFile = "";
				INFOPLIST_KEY_UISupportedInterfaceOrientations_iPad = "UIInterfaceOrientationPortrait UIInterfaceOrientationPortraitUpsideDown UIInterfaceOrientationLandscapeLeft UIInterfaceOrientationLandscapeRight";
				INFOPLIST_KEY_UISupportedInterfaceOrientations_iPhone = "UIInterfaceOrientationPortrait UIInterfaceOrientationLandscapeLeft UIInterfaceOrientationLandscapeRight";
				LD_RUNPATH_SEARCH_PATHS = (
					"$(inherited)",
					"@executable_path/Frameworks",
				);
				MARKETING_VERSION = 1.0;
				PRODUCT_BUNDLE_IDENTIFIER = backfront.CHATGPT;
				PRODUCT_NAME = "$(TARGET_NAME)";
				SWIFT_EMIT_LOC_STRINGS = YES;
				SWIFT_VERSION = 5.0;
				TARGETED_DEVICE_FAMILY = "1,2";
			};
			name = Debug;
		};
		34DA656929A7DA8C00A14740 /* Release */ = {
			isa = XCBuildConfiguration;
			buildSettings = {
				ASSETCATALOG_COMPILER_APPICON_NAME = AppIcon;
				ASSETCATALOG_COMPILER_GLOBAL_ACCENT_COLOR_NAME = AccentColor;
				CODE_SIGN_STYLE = Automatic;
				CURRENT_PROJECT_VERSION = 1;
				GENERATE_INFOPLIST_FILE = YES;
				INFOPLIST_FILE = CHATGPT/Info.plist;
				INFOPLIST_KEY_UIApplicationSupportsIndirectInputEvents = YES;
				INFOPLIST_KEY_UILaunchStoryboardName = LaunchScreen;
				INFOPLIST_KEY_UIMainStoryboardFile = "";
				INFOPLIST_KEY_UISupportedInterfaceOrientations_iPad = "UIInterfaceOrientationPortrait UIInterfaceOrientationPortraitUpsideDown UIInterfaceOrientationLandscapeLeft UIInterfaceOrientationLandscapeRight";
				INFOPLIST_KEY_UISupportedInterfaceOrientations_iPhone = "UIInterfaceOrientationPortrait UIInterfaceOrientationLandscapeLeft UIInterfaceOrientationLandscapeRight";
				LD_RUNPATH_SEARCH_PATHS = (
					"$(inherited)",
					"@executable_path/Frameworks",
				);
				MARKETING_VERSION = 1.0;
				PRODUCT_BUNDLE_IDENTIFIER = backfront.CHATGPT;
				PRODUCT_NAME = "$(TARGET_NAME)";
				SWIFT_EMIT_LOC_STRINGS = YES;
				SWIFT_VERSION = 5.0;
				TARGETED_DEVICE_FAMILY = "1,2";
			};
			name = Release;
		};
/* End XCBuildConfiguration section */

/* Begin XCConfigurationList section */
		34DA654E29A7DA8900A14740 /* Build configuration list for PBXProject "CHATGPT" */ = {
			isa = XCConfigurationList;
			buildConfigurations = (
				34DA656529A7DA8C00A14740 /* Debug */,
				34DA656629A7DA8C00A14740 /* Release */,
			);
			defaultConfigurationIsVisible = 0;
			defaultConfigurationName = Release;
		};
		34DA656729A7DA8C00A14740 /* Build configuration list for PBXNativeTarget "CHATGPT" */ = {
			isa = XCConfigurationList;
			buildConfigurations = (
				34DA656829A7DA8C00A14740 /* Debug */,
				34DA656929A7DA8C00A14740 /* Release */,
			);
			defaultConfigurationIsVisible = 0;
			defaultConfigurationName = Release;
		};
/* End XCConfigurationList section */

/* Begin XCRemoteSwiftPackageReference section */
		34DA657D29A8CEE100A14740 /* XCRemoteSwiftPackageReference "OpenAISwift" */ = {
			isa = XCRemoteSwiftPackageReference;
			repositoryURL = "https://github.com/adamrushy/OpenAISwift.git";
			requirement = {
				branch = main;
				kind = branch;
			};
		};
/* End XCRemoteSwiftPackageReference section */

/* Begin XCSwiftPackageProductDependency section */
		34DA657E29A8CEE100A14740 /* OpenAISwift */ = {
			isa = XCSwiftPackageProductDependency;
			package = 34DA657D29A8CEE100A14740 /* XCRemoteSwiftPackageReference "OpenAISwift" */;
			productName = OpenAISwift;
		};
/* End XCSwiftPackageProductDependency section */
	};
	rootObject = 34DA654B29A7DA8900A14740 /* Project object */;
}
